# @generated - this file is auto-generated by `mise lock` https://mise.jdx.dev/dev-tools/mise-lock.html

[[tools.aws]]
version = "2.36.13"
backend = "aqua:aws/aws-cli"

[tools.aws."platforms.linux-x64"]
url = "https://awscli.amazonaws.com/awscli-exe-linux-x86_64-2.36.13.zip"

[tools.aws."platforms.macos-arm64"]
url = "https://awscli.amazonaws.com/AWSCLIV2-2.36.13.pkg"

[tools.aws."platforms.macos-x64"]
url = "https://awscli.amazonaws.com/AWSCLIV2-2.36.13.pkg"

[[tools."cargo:cargo-packager"]]
version = "0.11.8"
backend = "cargo:cargo-packager"

[[tools.jq]]
version = "1.8.1"
backend = "aqua:jqlang/jq"

[tools.jq."platforms.linux-x64"]
checksum = "sha256:020468de7539ce70ef1bceaf7cde2e8c4f2ca6c3afb84642aabc5c97d9fc2a0d"
url = "https://github.com/jqlang/jq/releases/download/jq-1.8.1/jq-linux-amd64"
url_api = "https://api.github.com/repos/jqlang/jq/releases/assets/268981484"
provenance = "github-attestations"

[tools.jq."platforms.macos-arm64"]
checksum = "sha256:a9fe3ea2f86dfc72f6728417521ec9067b343277152b114f4e98d8cb0e263603"
url = "https://github.com/jqlang/jq/releases/download/jq-1.8.1/jq-macos-arm64"
url_api = "https://api.github.com/repos/jqlang/jq/releases/assets/268981506"
provenance = "github-attestations"

[tools.jq."platforms.macos-x64"]
checksum = "sha256:e80dbe0d2a2597e3c11c404f03337b981d74b4a8504b70586c354b7697a7c27f"
url = "https://github.com/jqlang/jq/releases/download/jq-1.8.1/jq-macos-amd64"
url_api = "https://api.github.com/repos/jqlang/jq/releases/assets/268981505"
provenance = "github-attestations"

[[tools.python]]
version = "3.12.13"
backend = "core:python"

[tools.python."platforms.linux-x64"]
checksum = "sha256:7ceaf4360f4b4ab44f31d8217cfdc70df8e12b61d9561b4900ee7af87176e50d"
url = "https://github.com/astral-sh/python-build-standalone/releases/download/20260728/cpython-3.12.13+20260728-x86_64-unknown-linux-gnu-install_only_stripped.tar.gz"
provenance = "github-attestations"

[tools.python."platforms.macos-arm64"]
checksum = "sha256:2f18cdef4125ca1440dd1ba00ebcb267526efb532138c0860438f755ea4eebac"
url = "https://github.com/astral-sh/python-build-standalone/releases/download/20260728/cpython-3.12.13+20260728-aarch64-apple-darwin-install_only_stripped.tar.gz"
provenance = "github-attestations"

[tools.python."platforms.macos-x64"]
checksum = "sha256:e654c21d0ba53e2c671868d4112fac5874deca4c35226d36c5cfe53bc5c9cd71"
url = "https://github.com/astral-sh/python-build-standalone/releases/download/20260728/cpython-3.12.13+20260728-x86_64-apple-darwin-install_only_stripped.tar.gz"
provenance = "github-attestations"

[[tools.rust]]
version = "1.94.1"
backend = "core:rust"

[tools.rust.options]
components = "clippy,rustfmt"
profile = "minimal"
targets = "aarch64-apple-darwin,x86_64-apple-darwin"

[[tools.uv]]
version = "0.11.6"
backend = "aqua:astral-sh/uv"

[tools.uv."platforms.linux-x64"]
checksum = "sha256:aa342a53abe42364093506d7704214d2cdca30b916843e520bc67759a5d20132"
url = "https://github.com/astral-sh/uv/releases/download/0.11.6/uv-x86_64-unknown-linux-musl.tar.gz"
url_api = "https://api.github.com/repos/astral-sh/uv/releases/assets/392367538"
provenance = "github-attestations"

[tools.uv."platforms.macos-arm64"]
checksum = "sha256:4b69a4e366ec38cd5f305707de95e12951181c448679a00dce2a78868dfc9f5b"
url = "https://github.com/astral-sh/uv/releases/download/0.11.6/uv-aarch64-apple-darwin.tar.gz"
url_api = "https://api.github.com/repos/astral-sh/uv/releases/assets/392367455"
provenance = "github-attestations"

[tools.uv."platforms.macos-x64"]
checksum = "sha256:8e0ed5035eaa28c7c8cd2a46b5b9a05bfff1ef01dbdc090a010eb8fdf193a457"
url = "https://github.com/astral-sh/uv/releases/download/0.11.6/uv-x86_64-apple-darwin.tar.gz"
url_api = "https://api.github.com/repos/astral-sh/uv/releases/assets/392367529"
provenance = "github-attestations"
